
Microsoft Visual Studio Solution File, Format Version 12.00
# Visual Studio Version 16
VisualStudioVersion = 16.0.30503.244
MinimumVisualStudioVersion = 10.0.40219.1
Project("{FAE04EC0-301F-11D3-BF4B-00C04F79EFBC}") = "Tic-Tac-Toe", "Tic-Tac-Toe\Tic-Tac-Toe.csproj", "{8A61EAC6-323B-434F-A951-F21087CA8E18}"
EndProject
Global
	GlobalSection(SolutionConfigurationPlatforms) = preSolution
		Debug|Any CPU = Debug|Any CPU
		Release|Any CPU = Release|Any CPU
	EndGlobalSection
	GlobalSection(ProjectConfigurationPlatforms) = postSolution
		{8A61EAC6-323B-434F-A951-F21087CA8E18}.Debug|Any CPU.ActiveCfg = Debug|Any CPU
		{8A61EAC6-323B-434F-A951-F21087CA8E18}.Debug|Any CPU.Build.0 = Debug|Any CPU
		{8A61EAC6-323B-434F-A951-F21087CA8E18}.Release|Any CPU.ActiveCfg = Release|Any CPU
		{8A61EAC6-323B-434F-A951-F21087CA8E18}.Release|Any CPU.Build.0 = Release|Any CPU
	EndGlobalSection
	GlobalSection(SolutionProperties) = preSolution
		HideSolutionNode = FALSE
	EndGlobalSection
	GlobalSection(ExtensibilityGlobals) = postSolution
		SolutionGuid = {4234E48A-9E91-48D7-B487-A6B58D6658F9}
	EndGlobalSection
EndGlobal
